
Microsoft Visual Studio Solution File, Format Version 12.00
# Visual Studio Version 17
VisualStudioVersion = 17.5.002.0
MinimumVisualStudioVersion = 10.0.40219.1
Project("{9A19103F-16F7-4668-BE54-9A1E7A4F7556}") = "TP-Final-Csharp", "TP-Final-Csharp.csproj", "{29E4E3BC-2F24-4076-8E67-D8E130EF0EA0}"
EndProject
Global
	GlobalSection(SolutionConfigurationPlatforms) = preSolution
		Debug|Any CPU = Debug|Any CPU
		Release|Any CPU = Release|Any CPU
	EndGlobalSection
	GlobalSection(ProjectConfigurationPlatforms) = postSolution
		{29E4E3BC-2F24-4076-8E67-D8E130EF0EA0}.Debug|Any CPU.ActiveCfg = Debug|Any CPU
		{29E4E3BC-2F24-4076-8E67-D8E130EF0EA0}.Debug|Any CPU.Build.0 = Debug|Any CPU
		{29E4E3BC-2F24-4076-8E67-D8E130EF0EA0}.Release|Any CPU.ActiveCfg = Release|Any CPU
		{29E4E3BC-2F24-4076-8E67-D8E130EF0EA0}.Release|Any CPU.Build.0 = Release|Any CPU
	EndGlobalSection
	GlobalSection(SolutionProperties) = preSolution
		HideSolutionNode = FALSE
	EndGlobalSection
	GlobalSection(ExtensibilityGlobals) = postSolution
		SolutionGuid = {DFBB6FCE-321A-4B90-B722-AEDD49F028C6}
	EndGlobalSection
EndGlobal
